// !$*UTF8*$!
{
	archiveVersion = 1;
	classes = {
	};
	objectVersion = 50;
	objects = {

/* Begin PBXBuildFile section */
		94235B3623B52100002E87BA /* AppDelegate.swift in Sources */ = {isa = PBXBuildFile; fileRef = 94235B3523B52100002E87BA /* AppDelegate.swift */; };
		94235B3823B52100002E87BA /* ViewController.swift in Sources */ = {isa = PBXBuildFile; fileRef = 94235B3723B52100002E87BA /* ViewController.swift */; };
		94235B3B23B52100002E87BA /* Main.storyboard in Resources */ = {isa = PBXBuildFile; fileRef = 94235B3923B52100002E87BA /* Main.storyboard */; };
		94235B3E23B52100002E87BA /* SkyApp.xcdatamodeld in Sources */ = {isa = PBXBuildFile; fileRef = 94235B3C23B52100002E87BA /* SkyApp.xcdatamodeld */; };
		94235B4023B52102002E87BA /* Assets.xcassets in Resources */ = {isa = PBXBuildFile; fileRef = 94235B3F23B52102002E87BA /* Assets.xcassets */; };
		94235B4323B52102002E87BA /* LaunchScreen.storyboard in Resources */ = {isa = PBXBuildFile; fileRef = 94235B4123B52102002E87BA /* LaunchScreen.storyboard */; };
		94235B4E23B52102002E87BA /* SkyAppTests.swift in Sources */ = {isa = PBXBuildFile; fileRef = 94235B4D23B52102002E87BA /* SkyAppTests.swift */; };
		94235B5C23B522B3002E87BA /* HomeViewController.swift in Sources */ = {isa = PBXBuildFile; fileRef = 94235B5A23B522B3002E87BA /* HomeViewController.swift */; };
		94235B5D23B522B3002E87BA /* HomeViewController.xib in Resources */ = {isa = PBXBuildFile; fileRef = 94235B5B23B522B3002E87BA /* HomeViewController.xib */; };
		94235B6323B52DD8002E87BA /* HomeTableViewCell.swift in Sources */ = {isa = PBXBuildFile; fileRef = 94235B6123B52DD8002E87BA /* HomeTableViewCell.swift */; };
		94235B6423B52DD8002E87BA /* HomeTableViewCell.xib in Resources */ = {isa = PBXBuildFile; fileRef = 94235B6223B52DD8002E87BA /* HomeTableViewCell.xib */; };
		94235B7423B5335E002E87BA /* BaseViewController.swift in Sources */ = {isa = PBXBuildFile; fileRef = 94235B7323B5335E002E87BA /* BaseViewController.swift */; };
		94235B7623B53371002E87BA /* BaseViewModel.swift in Sources */ = {isa = PBXBuildFile; fileRef = 94235B7523B53371002E87BA /* BaseViewModel.swift */; };
		94235B7923B533B6002E87BA /* ActivityIndicatorView.swift in Sources */ = {isa = PBXBuildFile; fileRef = 94235B7823B533B6002E87BA /* ActivityIndicatorView.swift */; };
		94235B7E23B5349E002E87BA /* WeatherRouterProtocol.swift in Sources */ = {isa = PBXBuildFile; fileRef = 94235B7D23B5349E002E87BA /* WeatherRouterProtocol.swift */; };
		94235B8023B534B4002E87BA /* WeatherRouter.swift in Sources */ = {isa = PBXBuildFile; fileRef = 94235B7F23B534B4002E87BA /* WeatherRouter.swift */; };
		94235B8323B5359C002E87BA /* HomeViewModel.swift in Sources */ = {isa = PBXBuildFile; fileRef = 94235B8223B5359C002E87BA /* HomeViewModel.swift */; };
		94235B8523B53830002E87BA /* Identifiers + FilesNames + Constants.swift in Sources */ = {isa = PBXBuildFile; fileRef = 94235B8423B53830002E87BA /* Identifiers + FilesNames + Constants.swift */; };
		94235B8723B538C1002E87BA /* HomeViewController + TableViewProtocols.swift in Sources */ = {isa = PBXBuildFile; fileRef = 94235B8623B538C1002E87BA /* HomeViewController + TableViewProtocols.swift */; };
		94235B8B23B56009002E87BA /* DetailsViewController.swift in Sources */ = {isa = PBXBuildFile; fileRef = 94235B8923B56009002E87BA /* DetailsViewController.swift */; };
		94235B8C23B56009002E87BA /* DetailsViewController.xib in Resources */ = {isa = PBXBuildFile; fileRef = 94235B8A23B56009002E87BA /* DetailsViewController.xib */; };
		94235B9023B5608C002E87BA /* DetailsTableViewCell.swift in Sources */ = {isa = PBXBuildFile; fileRef = 94235B8E23B5608C002E87BA /* DetailsTableViewCell.swift */; };
		94235B9123B5608C002E87BA /* DetailsTableViewCell.xib in Resources */ = {isa = PBXBuildFile; fileRef = 94235B8F23B5608C002E87BA /* DetailsTableViewCell.xib */; };
		94235B9523B562D3002E87BA /* DetialsViewModel.swift in Sources */ = {isa = PBXBuildFile; fileRef = 94235B9423B562D3002E87BA /* DetialsViewModel.swift */; };
		94235B9723B56397002E87BA /* DetailsViewController + TableViewProtocols.swift in Sources */ = {isa = PBXBuildFile; fileRef = 94235B9623B56397002E87BA /* DetailsViewController + TableViewProtocols.swift */; };
		94235B9C23B567CB002E87BA /* ChooseCountryViewController.swift in Sources */ = {isa = PBXBuildFile; fileRef = 94235B9A23B567CB002E87BA /* ChooseCountryViewController.swift */; };
		94235B9D23B567CB002E87BA /* ChooseCountryViewController.xib in Resources */ = {isa = PBXBuildFile; fileRef = 94235B9B23B567CB002E87BA /* ChooseCountryViewController.xib */; };
		94235BA223B568AE002E87BA /* CountryTableViewCell.swift in Sources */ = {isa = PBXBuildFile; fileRef = 94235BA023B568AE002E87BA /* CountryTableViewCell.swift */; };
		94235BA323B568AE002E87BA /* CountryTableViewCell.xib in Resources */ = {isa = PBXBuildFile; fileRef = 94235BA123B568AE002E87BA /* CountryTableViewCell.xib */; };
		94235BA623B569E1002E87BA /* ChooseCountryViewModel.swift in Sources */ = {isa = PBXBuildFile; fileRef = 94235BA523B569E1002E87BA /* ChooseCountryViewModel.swift */; };
		94235BA823B56AB0002E87BA /* ChooseCountryViewContorller + TableViewProtocols.swift in Sources */ = {isa = PBXBuildFile; fileRef = 94235BA723B56AB0002E87BA /* ChooseCountryViewContorller + TableViewProtocols.swift */; };
		94235BAA23B56DB7002E87BA /* ChooseCityDelegate.swift in Sources */ = {isa = PBXBuildFile; fileRef = 94235BA923B56DB7002E87BA /* ChooseCityDelegate.swift */; };
		9452652723B62404001415B1 /* APIError.swift in Sources */ = {isa = PBXBuildFile; fileRef = 9452652623B62404001415B1 /* APIError.swift */; };
		9452652923B6241A001415B1 /* RequestExecuterCreatorFactory.swift in Sources */ = {isa = PBXBuildFile; fileRef = 9452652823B6241A001415B1 /* RequestExecuterCreatorFactory.swift */; };
		9452652B23B62431001415B1 /* BaseAPIProtocol.swift in Sources */ = {isa = PBXBuildFile; fileRef = 9452652A23B62431001415B1 /* BaseAPIProtocol.swift */; };
		9452652D23B62441001415B1 /* RequestExecuterCreator.swift in Sources */ = {isa = PBXBuildFile; fileRef = 9452652C23B62441001415B1 /* RequestExecuterCreator.swift */; };
		9452652F23B62454001415B1 /* BaseAPI.swift in Sources */ = {isa = PBXBuildFile; fileRef = 9452652E23B62454001415B1 /* BaseAPI.swift */; };
		9452653123B6248A001415B1 /* APIManagerConfiguration.swift in Sources */ = {isa = PBXBuildFile; fileRef = 9452653023B6248A001415B1 /* APIManagerConfiguration.swift */; };
		9452653823B6253F001415B1 /* ParameterEncoder.swift in Sources */ = {isa = PBXBuildFile; fileRef = 9452653723B6253F001415B1 /* ParameterEncoder.swift */; };
		9452653A23B62552001415B1 /* URLParameterEncoder.swift in Sources */ = {isa = PBXBuildFile; fileRef = 9452653923B62552001415B1 /* URLParameterEncoder.swift */; };
		9452653C23B62569001415B1 /* JSONParameterEncoder.swift in Sources */ = {isa = PBXBuildFile; fileRef = 9452653B23B62569001415B1 /* JSONParameterEncoder.swift */; };
		9452653F23B625B4001415B1 /* URLSessionRequestExecuter.swift in Sources */ = {isa = PBXBuildFile; fileRef = 9452653E23B625B4001415B1 /* URLSessionRequestExecuter.swift */; };
		9452654123B625CB001415B1 /* URLRequestExecuter.swift in Sources */ = {isa = PBXBuildFile; fileRef = 9452654023B625CB001415B1 /* URLRequestExecuter.swift */; };
		9452654423B625F7001415B1 /* NetworkError.swift in Sources */ = {isa = PBXBuildFile; fileRef = 9452654323B625F6001415B1 /* NetworkError.swift */; };
		9452654723B62618001415B1 /* RequestConfig.swift in Sources */ = {isa = PBXBuildFile; fileRef = 9452654623B62618001415B1 /* RequestConfig.swift */; };
		9452654B23B63394001415B1 /* CityWeatherModel.swift in Sources */ = {isa = PBXBuildFile; fileRef = 9452654A23B63394001415B1 /* CityWeatherModel.swift */; };
		9452654D23B63539001415B1 /* CurrentWeatherAPI.swift in Sources */ = {isa = PBXBuildFile; fileRef = 9452654C23B63539001415B1 /* CurrentWeatherAPI.swift */; };
		9452655023B63569001415B1 /* CurrentWeatherAPIRequestDTO.swift in Sources */ = {isa = PBXBuildFile; fileRef = 9452654F23B63569001415B1 /* CurrentWeatherAPIRequestDTO.swift */; };
		9452655223B6357C001415B1 /* CurrentWeatherAPIResponseDTO.swift in Sources */ = {isa = PBXBuildFile; fileRef = 9452655123B6357C001415B1 /* CurrentWeatherAPIResponseDTO.swift */; };
		9452655A23B6506B001415B1 /* HomeViewController + LocationProtocols.swift in Sources */ = {isa = PBXBuildFile; fileRef = 9452655923B6506B001415B1 /* HomeViewController + LocationProtocols.swift */; };
		9452655B23B65102001415B1 /* FiveDaysForecastAPIRequestDTO.swift in Sources */ = {isa = PBXBuildFile; fileRef = 9452652323B62379001415B1 /* FiveDaysForecastAPIRequestDTO.swift */; };
		9452655C23B65105001415B1 /* FiveDaysForecastAPIResponseDTO.swift in Sources */ = {isa = PBXBuildFile; fileRef = 9452652123B6235C001415B1 /* FiveDaysForecastAPIResponseDTO.swift */; };
		9452655D23B6510A001415B1 /* FiveDaysForecastAPI.swift in Sources */ = {isa = PBXBuildFile; fileRef = 9452653323B624CD001415B1 /* FiveDaysForecastAPI.swift */; };
		9476F0FE23B6673C0072CE4C /* CityModel.swift in Sources */ = {isa = PBXBuildFile; fileRef = 9476F0FD23B6673C0072CE4C /* CityModel.swift */; };
		9476F10023B66A570072CE4C /* cityList.json in Resources */ = {isa = PBXBuildFile; fileRef = 9476F0FF23B66A560072CE4C /* cityList.json */; };
		9476F10423B677BB0072CE4C /* ChooseCountryViewController + SearchBarProtocols.swift in Sources */ = {isa = PBXBuildFile; fileRef = 9476F10323B677BB0072CE4C /* ChooseCountryViewController + SearchBarProtocols.swift */; };
		9476F10623B67AEB0072CE4C /* HomeViewController + ChooseCityProtocol.swift in Sources */ = {isa = PBXBuildFile; fileRef = 9476F10523B67AEB0072CE4C /* HomeViewController + ChooseCityProtocol.swift */; };
		9476F10823B698480072CE4C /* Reachability.swift in Sources */ = {isa = PBXBuildFile; fileRef = 9476F10723B698480072CE4C /* Reachability.swift */; };
		9476F10C23B6A5C40072CE4C /* HomeCellDelegate.swift in Sources */ = {isa = PBXBuildFile; fileRef = 9476F10B23B6A5C40072CE4C /* HomeCellDelegate.swift */; };
		9476F10E23B6A7060072CE4C /* HomeViewController + HomeCellDelegate.swift in Sources */ = {isa = PBXBuildFile; fileRef = 9476F10D23B6A7060072CE4C /* HomeViewController + HomeCellDelegate.swift */; };
		9476F11123B6AEA60072CE4C /* ForecastModel.swift in Sources */ = {isa = PBXBuildFile; fileRef = 9476F11023B6AEA60072CE4C /* ForecastModel.swift */; };
/* End PBXBuildFile section */

/* Begin PBXContainerItemProxy section */
		94235B4A23B52102002E87BA /* PBXContainerItemProxy */ = {
			isa = PBXContainerItemProxy;
			containerPortal = 94235B2A23B52100002E87BA /* Project object */;
			proxyType = 1;
			remoteGlobalIDString = 94235B3123B52100002E87BA;
			remoteInfo = SkyApp;
		};
/* End PBXContainerItemProxy section */

/* Begin PBXFileReference section */
		94235B3223B52100002E87BA /* SkyApp.app */ = {isa = PBXFileReference; explicitFileType = wrapper.application; includeInIndex = 0; path = SkyApp.app; sourceTree = BUILT_PRODUCTS_DIR; };
		94235B3523B52100002E87BA /* AppDelegate.swift */ = {isa = PBXFileReference; lastKnownFileType = sourcecode.swift; path = AppDelegate.swift; sourceTree = "<group>"; };
		94235B3723B52100002E87BA /* ViewController.swift */ = {isa = PBXFileReference; lastKnownFileType = sourcecode.swift; path = ViewController.swift; sourceTree = "<group>"; };
		94235B3A23B52100002E87BA /* Base */ = {isa = PBXFileReference; lastKnownFileType = file.storyboard; name = Base; path = Base.lproj/Main.storyboard; sourceTree = "<group>"; };
		94235B3D23B52100002E87BA /* SkyApp.xcdatamodel */ = {isa = PBXFileReference; lastKnownFileType = wrapper.xcdatamodel; path = SkyApp.xcdatamodel; sourceTree = "<group>"; };
		94235B3F23B52102002E87BA /* Assets.xcassets */ = {isa = PBXFileReference; lastKnownFileType = folder.assetcatalog; path = Assets.xcassets; sourceTree = "<group>"; };
		94235B4223B52102002E87BA /* Base */ = {isa = PBXFileReference; lastKnownFileType = file.storyboard; name = Base; path = Base.lproj/LaunchScreen.storyboard; sourceTree = "<group>"; };
		94235B4423B52102002E87BA /* Info.plist */ = {isa = PBXFileReference; lastKnownFileType = text.plist.xml; path = Info.plist; sourceTree = "<group>"; };
		94235B4923B52102002E87BA /* SkyAppTests.xctest */ = {isa = PBXFileReference; explicitFileType = wrapper.cfbundle; includeInIndex = 0; path = SkyAppTests.xctest; sourceTree = BUILT_PRODUCTS_DIR; };
		94235B4D23B52102002E87BA /* SkyAppTests.swift */ = {isa = PBXFileReference; lastKnownFileType = sourcecode.swift; path = SkyAppTests.swift; sourceTree = "<group>"; };
		94235B4F23B52103002E87BA /* Info.plist */ = {isa = PBXFileReference; lastKnownFileType = text.plist.xml; path = Info.plist; sourceTree = "<group>"; };
		94235B5A23B522B3002E87BA /* HomeViewController.swift */ = {isa = PBXFileReference; lastKnownFileType = sourcecode.swift; path = HomeViewController.swift; sourceTree = "<group>"; };
		94235B5B23B522B3002E87BA /* HomeViewController.xib */ = {isa = PBXFileReference; lastKnownFileType = file.xib; path = HomeViewController.xib; sourceTree = "<group>"; };
		94235B6123B52DD8002E87BA /* HomeTableViewCell.swift */ = {isa = PBXFileReference; lastKnownFileType = sourcecode.swift; path = HomeTableViewCell.swift; sourceTree = "<group>"; };
		94235B6223B52DD8002E87BA /* HomeTableViewCell.xib */ = {isa = PBXFileReference; lastKnownFileType = file.xib; path = HomeTableViewCell.xib; sourceTree = "<group>"; };
		94235B7323B5335E002E87BA /* BaseViewController.swift */ = {isa = PBXFileReference; lastKnownFileType = sourcecode.swift; path = BaseViewController.swift; sourceTree = "<group>"; };
		94235B7523B53371002E87BA /* BaseViewModel.swift */ = {isa = PBXFileReference; lastKnownFileType = sourcecode.swift; path = BaseViewModel.swift; sourceTree = "<group>"; };
		94235B7823B533B6002E87BA /* ActivityIndicatorView.swift */ = {isa = PBXFileReference; lastKnownFileType = sourcecode.swift; path = ActivityIndicatorView.swift; sourceTree = "<group>"; };
		94235B7D23B5349E002E87BA /* WeatherRouterProtocol.swift */ = {isa = PBXFileReference; lastKnownFileType = sourcecode.swift; path = WeatherRouterProtocol.swift; sourceTree = "<group>"; };
		94235B7F23B534B4002E87BA /* WeatherRouter.swift */ = {isa = PBXFileReference; lastKnownFileType = sourcecode.swift; path = WeatherRouter.swift; sourceTree = "<group>"; };
		94235B8223B5359C002E87BA /* HomeViewModel.swift */ = {isa = PBXFileReference; lastKnownFileType = sourcecode.swift; path = HomeViewModel.swift; sourceTree = "<group>"; };
		94235B8423B53830002E87BA /* Identifiers + FilesNames + Constants.swift */ = {isa = PBXFileReference; lastKnownFileType = sourcecode.swift; path = "Identifiers + FilesNames + Constants.swift"; sourceTree = "<group>"; };
		94235B8623B538C1002E87BA /* HomeViewController + TableViewProtocols.swift */ = {isa = PBXFileReference; lastKnownFileType = sourcecode.swift; path = "HomeViewController + TableViewProtocols.swift"; sourceTree = "<group>"; };
		94235B8923B56009002E87BA /* DetailsViewController.swift */ = {isa = PBXFileReference; lastKnownFileType = sourcecode.swift; path = DetailsViewController.swift; sourceTree = "<group>"; };
		94235B8A23B56009002E87BA /* DetailsViewController.xib */ = {isa = PBXFileReference; lastKnownFileType = file.xib; path = DetailsViewController.xib; sourceTree = "<group>"; };
		94235B8E23B5608C002E87BA /* DetailsTableViewCell.swift */ = {isa = PBXFileReference; lastKnownFileType = sourcecode.swift; path = DetailsTableViewCell.swift; sourceTree = "<group>"; };
		94235B8F23B5608C002E87BA /* DetailsTableViewCell.xib */ = {isa = PBXFileReference; lastKnownFileType = file.xib; path = DetailsTableViewCell.xib; sourceTree = "<group>"; };
		94235B9423B562D3002E87BA /* DetialsViewModel.swift */ = {isa = PBXFileReference; lastKnownFileType = sourcecode.swift; path = DetialsViewModel.swift; sourceTree = "<group>"; };
		94235B9623B56397002E87BA /* DetailsViewController + TableViewProtocols.swift */ = {isa = PBXFileReference; lastKnownFileType = sourcecode.swift; path = "DetailsViewController + TableViewProtocols.swift"; sourceTree = "<group>"; };
		94235B9A23B567CB002E87BA /* ChooseCountryViewController.swift */ = {isa = PBXFileReference; lastKnownFileType = sourcecode.swift; path = ChooseCountryViewController.swift; sourceTree = "<group>"; };
		94235B9B23B567CB002E87BA /* ChooseCountryViewController.xib */ = {isa = PBXFileReference; lastKnownFileType = file.xib; path = ChooseCountryViewController.xib; sourceTree = "<group>"; };
		94235BA023B568AE002E87BA /* CountryTableViewCell.swift */ = {isa = PBXFileReference; lastKnownFileType = sourcecode.swift; path = CountryTableViewCell.swift; sourceTree = "<group>"; };
		94235BA123B568AE002E87BA /* CountryTableViewCell.xib */ = {isa = PBXFileReference; lastKnownFileType = file.xib; path = CountryTableViewCell.xib; sourceTree = "<group>"; };
		94235BA523B569E1002E87BA /* ChooseCountryViewModel.swift */ = {isa = PBXFileReference; lastKnownFileType = sourcecode.swift; path = ChooseCountryViewModel.swift; sourceTree = "<group>"; };
		94235BA723B56AB0002E87BA /* ChooseCountryViewContorller + TableViewProtocols.swift */ = {isa = PBXFileReference; lastKnownFileType = sourcecode.swift; path = "ChooseCountryViewContorller + TableViewProtocols.swift"; sourceTree = "<group>"; };
		94235BA923B56DB7002E87BA /* ChooseCityDelegate.swift */ = {isa = PBXFileReference; lastKnownFileType = sourcecode.swift; path = ChooseCityDelegate.swift; sourceTree = "<group>"; };
		9452652123B6235C001415B1 /* FiveDaysForecastAPIResponseDTO.swift */ = {isa = PBXFileReference; lastKnownFileType = sourcecode.swift; path = FiveDaysForecastAPIResponseDTO.swift; sourceTree = "<group>"; };
		9452652323B62379001415B1 /* FiveDaysForecastAPIRequestDTO.swift */ = {isa = PBXFileReference; lastKnownFileType = sourcecode.swift; path = FiveDaysForecastAPIRequestDTO.swift; sourceTree = "<group>"; };
		9452652623B62404001415B1 /* APIError.swift */ = {isa = PBXFileReference; lastKnownFileType = sourcecode.swift; path = APIError.swift; sourceTree = "<group>"; };
		9452652823B6241A001415B1 /* RequestExecuterCreatorFactory.swift */ = {isa = PBXFileReference; lastKnownFileType = sourcecode.swift; path = RequestExecuterCreatorFactory.swift; sourceTree = "<group>"; };
		9452652A23B62431001415B1 /* BaseAPIProtocol.swift */ = {isa = PBXFileReference; lastKnownFileType = sourcecode.swift; path = BaseAPIProtocol.swift; sourceTree = "<group>"; };
		9452652C23B62441001415B1 /* RequestExecuterCreator.swift */ = {isa = PBXFileReference; lastKnownFileType = sourcecode.swift; path = RequestExecuterCreator.swift; sourceTree = "<group>"; };
		9452652E23B62454001415B1 /* BaseAPI.swift */ = {isa = PBXFileReference; lastKnownFileType = sourcecode.swift; path = BaseAPI.swift; sourceTree = "<group>"; };
		9452653023B6248A001415B1 /* APIManagerConfiguration.swift */ = {isa = PBXFileReference; lastKnownFileType = sourcecode.swift; path = APIManagerConfiguration.swift; sourceTree = "<group>"; };
		9452653323B624CD001415B1 /* FiveDaysForecastAPI.swift */ = {isa = PBXFileReference; lastKnownFileType = sourcecode.swift; path = FiveDaysForecastAPI.swift; sourceTree = "<group>"; };
		9452653723B6253F001415B1 /* ParameterEncoder.swift */ = {isa = PBXFileReference; lastKnownFileType = sourcecode.swift; path = ParameterEncoder.swift; sourceTree = "<group>"; };
		9452653923B62552001415B1 /* URLParameterEncoder.swift */ = {isa = PBXFileReference; lastKnownFileType = sourcecode.swift; path = URLParameterEncoder.swift; sourceTree = "<group>"; };
		9452653B23B62569001415B1 /* JSONParameterEncoder.swift */ = {isa = PBXFileReference; lastKnownFileType = sourcecode.swift; path = JSONParameterEncoder.swift; sourceTree = "<group>"; };
		9452653E23B625B4001415B1 /* URLSessionRequestExecuter.swift */ = {isa = PBXFileReference; lastKnownFileType = sourcecode.swift; path = URLSessionRequestExecuter.swift; sourceTree = "<group>"; };
		9452654023B625CB001415B1 /* URLRequestExecuter.swift */ = {isa = PBXFileReference; lastKnownFileType = sourcecode.swift; path = URLRequestExecuter.swift; sourceTree = "<group>"; };
		9452654323B625F6001415B1 /* NetworkError.swift */ = {isa = PBXFileReference; lastKnownFileType = sourcecode.swift; path = NetworkError.swift; sourceTree = "<group>"; };
		9452654623B62618001415B1 /* RequestConfig.swift */ = {isa = PBXFileReference; lastKnownFileType = sourcecode.swift; path = RequestConfig.swift; sourceTree = "<group>"; };
		9452654A23B63394001415B1 /* CityWeatherModel.swift */ = {isa = PBXFileReference; lastKnownFileType = sourcecode.swift; path = CityWeatherModel.swift; sourceTree = "<group>"; };
		9452654C23B63539001415B1 /* CurrentWeatherAPI.swift */ = {isa = PBXFileReference; lastKnownFileType = sourcecode.swift; path = CurrentWeatherAPI.swift; sourceTree = "<group>"; };
		9452654F23B63569001415B1 /* CurrentWeatherAPIRequestDTO.swift */ = {isa = PBXFileReference; lastKnownFileType = sourcecode.swift; path = CurrentWeatherAPIRequestDTO.swift; sourceTree = "<group>"; };
		9452655123B6357C001415B1 /* CurrentWeatherAPIResponseDTO.swift */ = {isa = PBXFileReference; lastKnownFileType = sourcecode.swift; path = CurrentWeatherAPIResponseDTO.swift; sourceTree = "<group>"; };
		9452655923B6506B001415B1 /* HomeViewController + LocationProtocols.swift */ = {isa = PBXFileReference; lastKnownFileType = sourcecode.swift; path = "HomeViewController + LocationProtocols.swift"; sourceTree = "<group>"; };
		9476F0FD23B6673C0072CE4C /* CityModel.swift */ = {isa = PBXFileReference; lastKnownFileType = sourcecode.swift; path = CityModel.swift; sourceTree = "<group>"; };
		9476F0FF23B66A560072CE4C /* cityList.json */ = {isa = PBXFileReference; fileEncoding = 4; lastKnownFileType = text.json; path = cityList.json; sourceTree = "<group>"; };
		9476F10323B677BB0072CE4C /* ChooseCountryViewController + SearchBarProtocols.swift */ = {isa = PBXFileReference; lastKnownFileType = sourcecode.swift; path = "ChooseCountryViewController + SearchBarProtocols.swift"; sourceTree = "<group>"; };
		9476F10523B67AEB0072CE4C /* HomeViewController + ChooseCityProtocol.swift */ = {isa = PBXFileReference; lastKnownFileType = sourcecode.swift; path = "HomeViewController + ChooseCityProtocol.swift"; sourceTree = "<group>"; };
		9476F10723B698480072CE4C /* Reachability.swift */ = {isa = PBXFileReference; lastKnownFileType = sourcecode.swift; path = Reachability.swift; sourceTree = "<group>"; };
		9476F10B23B6A5C40072CE4C /* HomeCellDelegate.swift */ = {isa = PBXFileReference; lastKnownFileType = sourcecode.swift; path = HomeCellDelegate.swift; sourceTree = "<group>"; };
		9476F10D23B6A7060072CE4C /* HomeViewController + HomeCellDelegate.swift */ = {isa = PBXFileReference; lastKnownFileType = sourcecode.swift; path = "HomeViewController + HomeCellDelegate.swift"; sourceTree = "<group>"; };
		9476F11023B6AEA60072CE4C /* ForecastModel.swift */ = {isa = PBXFileReference; lastKnownFileType = sourcecode.swift; path = ForecastModel.swift; sourceTree = "<group>"; };
/* End PBXFileReference section */

/* Begin PBXFrameworksBuildPhase section */
		94235B2F23B52100002E87BA /* Frameworks */ = {
			isa = PBXFrameworksBuildPhase;
			buildActionMask = 2147483647;
			files = (
			);
			runOnlyForDeploymentPostprocessing = 0;
		};
		94235B4623B52102002E87BA /* Frameworks */ = {
			isa = PBXFrameworksBuildPhase;
			buildActionMask = 2147483647;
			files = (
			);
			runOnlyForDeploymentPostprocessing = 0;
		};
/* End PBXFrameworksBuildPhase section */

/* Begin PBXGroup section */
		94235B2923B52100002E87BA = {
			isa = PBXGroup;
			children = (
				94235B3423B52100002E87BA /* SkyApp */,
				94235B4C23B52102002E87BA /* SkyAppTests */,
				94235B3323B52100002E87BA /* Products */,
			);
			sourceTree = "<group>";
		};
		94235B3323B52100002E87BA /* Products */ = {
			isa = PBXGroup;
			children = (
				94235B3223B52100002E87BA /* SkyApp.app */,
				94235B4923B52102002E87BA /* SkyAppTests.xctest */,
			);
			name = Products;
			sourceTree = "<group>";
		};
		94235B3423B52100002E87BA /* SkyApp */ = {
			isa = PBXGroup;
			children = (
				94235B5823B5228C002E87BA /* AppLayer */,
				94235B3523B52100002E87BA /* AppDelegate.swift */,
				94235B3723B52100002E87BA /* ViewController.swift */,
				94235B3923B52100002E87BA /* Main.storyboard */,
				94235B3F23B52102002E87BA /* Assets.xcassets */,
				94235B4123B52102002E87BA /* LaunchScreen.storyboard */,
				94235B4423B52102002E87BA /* Info.plist */,
				94235B3C23B52100002E87BA /* SkyApp.xcdatamodeld */,
			);
			path = SkyApp;
			sourceTree = "<group>";
		};
		94235B4C23B52102002E87BA /* SkyAppTests */ = {
			isa = PBXGroup;
			children = (
				94235B4D23B52102002E87BA /* SkyAppTests.swift */,
				94235B4F23B52103002E87BA /* Info.plist */,
			);
			path = SkyAppTests;
			sourceTree = "<group>";
		};
		94235B5823B5228C002E87BA /* AppLayer */ = {
			isa = PBXGroup;
			children = (
				9452653523B624EC001415B1 /* NetworkLayer */,
				9452652523B623C4001415B1 /* APIManager */,
				9452652023B6231D001415B1 /* DTOs */,
				94235B7723B53398002E87BA /* Utilites */,
				94235B7223B5334C002E87BA /* Base */,
				94235B6D23B532B0002E87BA /* WeatherFeature */,
			);
			path = AppLayer;
			sourceTree = "<group>";
		};
		94235B5923B52299002E87BA /* HomeScreen */ = {
			isa = PBXGroup;
			children = (
				9476F10B23B6A5C40072CE4C /* HomeCellDelegate.swift */,
				94235B5E23B52D9F002E87BA /* View */,
				94235B8123B5352E002E87BA /* ViewModel */,
				9452654923B63377001415B1 /* Model */,
			);
			path = HomeScreen;
			sourceTree = "<group>";
		};
		94235B5E23B52D9F002E87BA /* View */ = {
			isa = PBXGroup;
			children = (
				94235B5A23B522B3002E87BA /* HomeViewController.swift */,
				94235B5B23B522B3002E87BA /* HomeViewController.xib */,
				94235B6123B52DD8002E87BA /* HomeTableViewCell.swift */,
				94235B6223B52DD8002E87BA /* HomeTableViewCell.xib */,
				94235B8623B538C1002E87BA /* HomeViewController + TableViewProtocols.swift */,
				9452655923B6506B001415B1 /* HomeViewController + LocationProtocols.swift */,
				9476F10523B67AEB0072CE4C /* HomeViewController + ChooseCityProtocol.swift */,
				9476F10D23B6A7060072CE4C /* HomeViewController + HomeCellDelegate.swift */,
			);
			path = View;
			sourceTree = "<group>";
		};
		94235B6D23B532B0002E87BA /* WeatherFeature */ = {
			isa = PBXGroup;
			children = (
				94235B7D23B5349E002E87BA /* WeatherRouterProtocol.swift */,
				94235B7F23B534B4002E87BA /* WeatherRouter.swift */,
				94235B5923B52299002E87BA /* HomeScreen */,
				94235B8823B55F68002E87BA /* DetailsScreen */,
				94235B9823B5673F002E87BA /* ChooseCountry */,
			);
			path = WeatherFeature;
			sourceTree = "<group>";
		};
		94235B7223B5334C002E87BA /* Base */ = {
			isa = PBXGroup;
			children = (
				94235B7323B5335E002E87BA /* BaseViewController.swift */,
				94235B7523B53371002E87BA /* BaseViewModel.swift */,
			);
			path = Base;
			sourceTree = "<group>";
		};
		94235B7723B53398002E87BA /* Utilites */ = {
			isa = PBXGroup;
			children = (
				94235B7823B533B6002E87BA /* ActivityIndicatorView.swift */,
				94235B8423B53830002E87BA /* Identifiers + FilesNames + Constants.swift */,
				9476F10723B698480072CE4C /* Reachability.swift */,
			);
			path = Utilites;
			sourceTree = "<group>";
		};
		94235B8123B5352E002E87BA /* ViewModel */ = {
			isa = PBXGroup;
			children = (
				94235B8223B5359C002E87BA /* HomeViewModel.swift */,
			);
			path = ViewModel;
			sourceTree = "<group>";
		};
		94235B8823B55F68002E87BA /* DetailsScreen */ = {
			isa = PBXGroup;
			children = (
				94235B8D23B56068002E87BA /* View */,
				94235B9323B562B7002E87BA /* ViewModel */,
				9476F10F23B6AE800072CE4C /* Model */,
			);
			path = DetailsScreen;
			sourceTree = "<group>";
		};
		94235B8D23B56068002E87BA /* View */ = {
			isa = PBXGroup;
			children = (
				94235B8923B56009002E87BA /* DetailsViewController.swift */,
				94235B8A23B56009002E87BA /* DetailsViewController.xib */,
				94235B8E23B5608C002E87BA /* DetailsTableViewCell.swift */,
				94235B8F23B5608C002E87BA /* DetailsTableViewCell.xib */,
				94235B9623B56397002E87BA /* DetailsViewController + TableViewProtocols.swift */,
			);
			path = View;
			sourceTree = "<group>";
		};
		94235B9323B562B7002E87BA /* ViewModel */ = {
			isa = PBXGroup;
			children = (
				94235B9423B562D3002E87BA /* DetialsViewModel.swift */,
			);
			path = ViewModel;
			sourceTree = "<group>";
		};
		94235B9823B5673F002E87BA /* ChooseCountry */ = {
			isa = PBXGroup;
			children = (
				94235BA923B56DB7002E87BA /* ChooseCityDelegate.swift */,
				94235B9923B567A8002E87BA /* View */,
				94235BA423B569C2002E87BA /* ViewModel */,
				9476F0FC23B666E00072CE4C /* Model */,
			);
			path = ChooseCountry;
			sourceTree = "<group>";
		};
		94235B9923B567A8002E87BA /* View */ = {
			isa = PBXGroup;
			children = (
				94235B9A23B567CB002E87BA /* ChooseCountryViewController.swift */,
				94235B9B23B567CB002E87BA /* ChooseCountryViewController.xib */,
				94235BA023B568AE002E87BA /* CountryTableViewCell.swift */,
				94235BA123B568AE002E87BA /* CountryTableViewCell.xib */,
				94235BA723B56AB0002E87BA /* ChooseCountryViewContorller + TableViewProtocols.swift */,
				9476F10323B677BB0072CE4C /* ChooseCountryViewController + SearchBarProtocols.swift */,
			);
			path = View;
			sourceTree = "<group>";
		};
		94235BA423B569C2002E87BA /* ViewModel */ = {
			isa = PBXGroup;
			children = (
				94235BA523B569E1002E87BA /* ChooseCountryViewModel.swift */,
			);
			path = ViewModel;
			sourceTree = "<group>";
		};
		9452652023B6231D001415B1 /* DTOs */ = {
			isa = PBXGroup;
			children = (
				9452654E23B6354B001415B1 /* CurrentWeather */,
				9452652323B62379001415B1 /* FiveDaysForecastAPIRequestDTO.swift */,
				9452652123B6235C001415B1 /* FiveDaysForecastAPIResponseDTO.swift */,
			);
			path = DTOs;
			sourceTree = "<group>";
		};
		9452652523B623C4001415B1 /* APIManager */ = {
			isa = PBXGroup;
			children = (
				9452653223B624A0001415B1 /* BaseAPI */,
				9452653323B624CD001415B1 /* FiveDaysForecastAPI.swift */,
				9452654C23B63539001415B1 /* CurrentWeatherAPI.swift */,
			);
			path = APIManager;
			sourceTree = "<group>";
		};
		9452653223B624A0001415B1 /* BaseAPI */ = {
			isa = PBXGroup;
			children = (
				9452652623B62404001415B1 /* APIError.swift */,
				9452652823B6241A001415B1 /* RequestExecuterCreatorFactory.swift */,
				9452652A23B62431001415B1 /* BaseAPIProtocol.swift */,
				9452652C23B62441001415B1 /* RequestExecuterCreator.swift */,
				9452652E23B62454001415B1 /* BaseAPI.swift */,
				9452653023B6248A001415B1 /* APIManagerConfiguration.swift */,
			);
			path = BaseAPI;
			sourceTree = "<group>";
		};
		9452653523B624EC001415B1 /* NetworkLayer */ = {
			isa = PBXGroup;
			children = (
				9452654523B6260A001415B1 /* RequestConfig */,
				9452654223B625DD001415B1 /* NetworkError */,
				9452653623B62513001415B1 /* Encoder */,
				9452653D23B6258B001415B1 /* URL */,
			);
			path = NetworkLayer;
			sourceTree = "<group>";
		};
		9452653623B62513001415B1 /* Encoder */ = {
			isa = PBXGroup;
			children = (
				9452653723B6253F001415B1 /* ParameterEncoder.swift */,
				9452653923B62552001415B1 /* URLParameterEncoder.swift */,
				9452653B23B62569001415B1 /* JSONParameterEncoder.swift */,
			);
			path = Encoder;
			sourceTree = "<group>";
		};
		9452653D23B6258B001415B1 /* URL */ = {
			isa = PBXGroup;
			children = (
				9452653E23B625B4001415B1 /* URLSessionRequestExecuter.swift */,
				9452654023B625CB001415B1 /* URLRequestExecuter.swift */,
			);
			path = URL;
			sourceTree = "<group>";
		};
		9452654223B625DD001415B1 /* NetworkError */ = {
			isa = PBXGroup;
			children = (
				9452654323B625F6001415B1 /* NetworkError.swift */,
			);
			path = NetworkError;
			sourceTree = "<group>";
		};
		9452654523B6260A001415B1 /* RequestConfig */ = {
			isa = PBXGroup;
			children = (
				9452654623B62618001415B1 /* RequestConfig.swift */,
			);
			path = RequestConfig;
			sourceTree = "<group>";
		};
		9452654923B63377001415B1 /* Model */ = {
			isa = PBXGroup;
			children = (
				9452654A23B63394001415B1 /* CityWeatherModel.swift */,
			);
			path = Model;
			sourceTree = "<group>";
		};
		9452654E23B6354B001415B1 /* CurrentWeather */ = {
			isa = PBXGroup;
			children = (
				9452654F23B63569001415B1 /* CurrentWeatherAPIRequestDTO.swift */,
				9452655123B6357C001415B1 /* CurrentWeatherAPIResponseDTO.swift */,
			);
			path = CurrentWeather;
			sourceTree = "<group>";
		};
		9476F0FC23B666E00072CE4C /* Model */ = {
			isa = PBXGroup;
			children = (
				9476F0FF23B66A560072CE4C /* cityList.json */,
				9476F0FD23B6673C0072CE4C /* CityModel.swift */,
			);
			path = Model;
			sourceTree = "<group>";
		};
		9476F10F23B6AE800072CE4C /* Model */ = {
			isa = PBXGroup;
			children = (
				9476F11023B6AEA60072CE4C /* ForecastModel.swift */,
			);
			path = Model;
			sourceTree = "<group>";
		};
/* End PBXGroup section */

/* Begin PBXNativeTarget section */
		94235B3123B52100002E87BA /* SkyApp */ = {
			isa = PBXNativeTarget;
			buildConfigurationList = 94235B5223B52103002E87BA /* Build configuration list for PBXNativeTarget "SkyApp" */;
			buildPhases = (
				94235B2E23B52100002E87BA /* Sources */,
				94235B2F23B52100002E87BA /* Frameworks */,
				94235B3023B52100002E87BA /* Resources */,
			);
			buildRules = (
			);
			dependencies = (
			);
			name = SkyApp;
			productName = SkyApp;
			productReference = 94235B3223B52100002E87BA /* SkyApp.app */;
			productType = "com.apple.product-type.application";
		};
		94235B4823B52102002E87BA /* SkyAppTests */ = {
			isa = PBXNativeTarget;
			buildConfigurationList = 94235B5523B52103002E87BA /* Build configuration list for PBXNativeTarget "SkyAppTests" */;
			buildPhases = (
				94235B4523B52102002E87BA /* Sources */,
				94235B4623B52102002E87BA /* Frameworks */,
				94235B4723B52102002E87BA /* Resources */,
			);
			buildRules = (
			);
			dependencies = (
				94235B4B23B52102002E87BA /* PBXTargetDependency */,
			);
			name = SkyAppTests;
			productName = SkyAppTests;
			productReference = 94235B4923B52102002E87BA /* SkyAppTests.xctest */;
			productType = "com.apple.product-type.bundle.unit-test";
		};
/* End PBXNativeTarget section */

/* Begin PBXProject section */
		94235B2A23B52100002E87BA /* Project object */ = {
			isa = PBXProject;
			attributes = {
				LastSwiftUpdateCheck = 1020;
				LastUpgradeCheck = 1020;
				ORGANIZATIONNAME = Sky;
				TargetAttributes = {
					94235B3123B52100002E87BA = {
						CreatedOnToolsVersion = 10.2.1;
					};
					94235B4823B52102002E87BA = {
						CreatedOnToolsVersion = 10.2.1;
						TestTargetID = 94235B3123B52100002E87BA;
					};
				};
			};
			buildConfigurationList = 94235B2D23B52100002E87BA /* Build configuration list for PBXProject "SkyApp" */;
			compatibilityVersion = "Xcode 9.3";
			developmentRegion = en;
			hasScannedForEncodings = 0;
			knownRegions = (
				en,
				Base,
			);
			mainGroup = 94235B2923B52100002E87BA;
			productRefGroup = 94235B3323B52100002E87BA /* Products */;
			projectDirPath = "";
			projectRoot = "";
			targets = (
				94235B3123B52100002E87BA /* SkyApp */,
				94235B4823B52102002E87BA /* SkyAppTests */,
			);
		};
/* End PBXProject section */

/* Begin PBXResourcesBuildPhase section */
		94235B3023B52100002E87BA /* Resources */ = {
			isa = PBXResourcesBuildPhase;
			buildActionMask = 2147483647;
			files = (
				94235B4323B52102002E87BA /* LaunchScreen.storyboard in Resources */,
				94235B4023B52102002E87BA /* Assets.xcassets in Resources */,
				94235B3B23B52100002E87BA /* Main.storyboard in Resources */,
				94235B6423B52DD8002E87BA /* HomeTableViewCell.xib in Resources */,
				94235B9D23B567CB002E87BA /* ChooseCountryViewController.xib in Resources */,
				94235B5D23B522B3002E87BA /* HomeViewController.xib in Resources */,
				9476F10023B66A570072CE4C /* cityList.json in Resources */,
				94235BA323B568AE002E87BA /* CountryTableViewCell.xib in Resources */,
				94235B8C23B56009002E87BA /* DetailsViewController.xib in Resources */,
				94235B9123B5608C002E87BA /* DetailsTableViewCell.xib in Resources */,
			);
			runOnlyForDeploymentPostprocessing = 0;
		};
		94235B4723B52102002E87BA /* Resources */ = {
			isa = PBXResourcesBuildPhase;
			buildActionMask = 2147483647;
			files = (
			);
			runOnlyForDeploymentPostprocessing = 0;
		};
/* End PBXResourcesBuildPhase section */

/* Begin PBXSourcesBuildPhase section */
		94235B2E23B52100002E87BA /* Sources */ = {
			isa = PBXSourcesBuildPhase;
			buildActionMask = 2147483647;
			files = (
				9452655B23B65102001415B1 /* FiveDaysForecastAPIRequestDTO.swift in Sources */,
				9476F10423B677BB0072CE4C /* ChooseCountryViewController + SearchBarProtocols.swift in Sources */,
				94235B9C23B567CB002E87BA /* ChooseCountryViewController.swift in Sources */,
				9452654B23B63394001415B1 /* CityWeatherModel.swift in Sources */,
				94235BA823B56AB0002E87BA /* ChooseCountryViewContorller + TableViewProtocols.swift in Sources */,
				9476F10623B67AEB0072CE4C /* HomeViewController + ChooseCityProtocol.swift in Sources */,
				94235B7E23B5349E002E87BA /* WeatherRouterProtocol.swift in Sources */,
				9452655C23B65105001415B1 /* FiveDaysForecastAPIResponseDTO.swift in Sources */,
				94235B8323B5359C002E87BA /* HomeViewModel.swift in Sources */,
				94235B8023B534B4002E87BA /* WeatherRouter.swift in Sources */,
				94235B9523B562D3002E87BA /* DetialsViewModel.swift in Sources */,
				9452654123B625CB001415B1 /* URLRequestExecuter.swift in Sources */,
				94235B3E23B52100002E87BA /* SkyApp.xcdatamodeld in Sources */,
				9452653F23B625B4001415B1 /* URLSessionRequestExecuter.swift in Sources */,
				9476F0FE23B6673C0072CE4C /* CityModel.swift in Sources */,
				9452655D23B6510A001415B1 /* FiveDaysForecastAPI.swift in Sources */,
				94235B6323B52DD8002E87BA /* HomeTableViewCell.swift in Sources */,
				9476F10C23B6A5C40072CE4C /* HomeCellDelegate.swift in Sources */,
				94235B3823B52100002E87BA /* ViewController.swift in Sources */,
				9452652F23B62454001415B1 /* BaseAPI.swift in Sources */,
				94235B9023B5608C002E87BA /* DetailsTableViewCell.swift in Sources */,
				9452654423B625F7001415B1 /* NetworkError.swift in Sources */,
				9452653C23B62569001415B1 /* JSONParameterEncoder.swift in Sources */,
				9452655A23B6506B001415B1 /* HomeViewController + LocationProtocols.swift in Sources */,
				94235BA223B568AE002E87BA /* CountryTableViewCell.swift in Sources */,
				94235B7923B533B6002E87BA /* ActivityIndicatorView.swift in Sources */,
				94235B7623B53371002E87BA /* BaseViewModel.swift in Sources */,
				9452655023B63569001415B1 /* CurrentWeatherAPIRequestDTO.swift in Sources */,
				9476F11123B6AEA60072CE4C /* ForecastModel.swift in Sources */,
				94235B3623B52100002E87BA /* AppDelegate.swift in Sources */,
				9452653823B6253F001415B1 /* ParameterEncoder.swift in Sources */,
				94235B9723B56397002E87BA /* DetailsViewController + TableViewProtocols.swift in Sources */,
				94235B8723B538C1002E87BA /* HomeViewController + TableViewProtocols.swift in Sources */,
				94235B8523B53830002E87BA /* Identifiers + FilesNames + Constants.swift in Sources */,
				94235BA623B569E1002E87BA /* ChooseCountryViewModel.swift in Sources */,
				9452653A23B62552001415B1 /* URLParameterEncoder.swift in Sources */,
				9452652B23B62431001415B1 /* BaseAPIProtocol.swift in Sources */,
				9476F10E23B6A7060072CE4C /* HomeViewController + HomeCellDelegate.swift in Sources */,
				9452652923B6241A001415B1 /* RequestExecuterCreatorFactory.swift in Sources */,
				94235BAA23B56DB7002E87BA /* ChooseCityDelegate.swift in Sources */,
				94235B8B23B56009002E87BA /* DetailsViewController.swift in Sources */,
				9476F10823B698480072CE4C /* Reachability.swift in Sources */,
				94235B5C23B522B3002E87BA /* HomeViewController.swift in Sources */,
				9452652D23B62441001415B1 /* RequestExecuterCreator.swift in Sources */,
				9452652723B62404001415B1 /* APIError.swift in Sources */,
				9452654723B62618001415B1 /* RequestConfig.swift in Sources */,
				9452655223B6357C001415B1 /* CurrentWeatherAPIResponseDTO.swift in Sources */,
				94235B7423B5335E002E87BA /* BaseViewController.swift in Sources */,
				9452653123B6248A001415B1 /* APIManagerConfiguration.swift in Sources */,
				9452654D23B63539001415B1 /* CurrentWeatherAPI.swift in Sources */,
			);
			runOnlyForDeploymentPostprocessing = 0;
		};
		94235B4523B52102002E87BA /* Sources */ = {
			isa = PBXSourcesBuildPhase;
			buildActionMask = 2147483647;
			files = (
				94235B4E23B52102002E87BA /* SkyAppTests.swift in Sources */,
			);
			runOnlyForDeploymentPostprocessing = 0;
		};
/* End PBXSourcesBuildPhase section */

/* Begin PBXTargetDependency section */
		94235B4B23B52102002E87BA /* PBXTargetDependency */ = {
			isa = PBXTargetDependency;
			target = 94235B3123B52100002E87BA /* SkyApp */;
			targetProxy = 94235B4A23B52102002E87BA /* PBXContainerItemProxy */;
		};
/* End PBXTargetDependency section */

/* Begin PBXVariantGroup section */
		94235B3923B52100002E87BA /* Main.storyboard */ = {
			isa = PBXVariantGroup;
			children = (
				94235B3A23B52100002E87BA /* Base */,
			);
			name = Main.storyboard;
			sourceTree = "<group>";
		};
		94235B4123B52102002E87BA /* LaunchScreen.storyboard */ = {
			isa = PBXVariantGroup;
			children = (
				94235B4223B52102002E87BA /* Base */,
			);
			name = LaunchScreen.storyboard;
			sourceTree = "<group>";
		};
/* End PBXVariantGroup section */

/* Begin XCBuildConfiguration section */
		94235B5023B52103002E87BA /* Debug */ = {
			isa = XCBuildConfiguration;
			buildSettings = {
				ALWAYS_SEARCH_USER_PATHS = NO;
				CLANG_ANALYZER_NONNULL = YES;
				CLANG_ANALYZER_NUMBER_OBJECT_CONVERSION = YES_AGGRESSIVE;
				CLANG_CXX_LANGUAGE_STANDARD = "gnu++14";
				CLANG_CXX_LIBRARY = "libc++";
				CLANG_ENABLE_MODULES = YES;
				CLANG_ENABLE_OBJC_ARC = YES;
				CLANG_ENABLE_OBJC_WEAK = YES;
				CLANG_WARN_BLOCK_CAPTURE_AUTORELEASING = YES;
				CLANG_WARN_BOOL_CONVERSION = YES;
				CLANG_WARN_COMMA = YES;
				CLANG_WARN_CONSTANT_CONVERSION = YES;
				CLANG_WARN_DEPRECATED_OBJC_IMPLEMENTATIONS = YES;
				CLANG_WARN_DIRECT_OBJC_ISA_USAGE = YES_ERROR;
				CLANG_WARN_DOCUMENTATION_COMMENTS = YES;
				CLANG_WARN_EMPTY_BODY = YES;
				CLANG_WARN_ENUM_CONVERSION = YES;
				CLANG_WARN_INFINITE_RECURSION = YES;
				CLANG_WARN_INT_CONVERSION = YES;
				CLANG_WARN_NON_LITERAL_NULL_CONVERSION = YES;
				CLANG_WARN_OBJC_IMPLICIT_RETAIN_SELF = YES;
				CLANG_WARN_OBJC_LITERAL_CONVERSION = YES;
				CLANG_WARN_OBJC_ROOT_CLASS = YES_ERROR;
				CLANG_WARN_RANGE_LOOP_ANALYSIS = YES;
				CLANG_WARN_STRICT_PROTOTYPES = YES;
				CLANG_WARN_SUSPICIOUS_MOVE = YES;
				CLANG_WARN_UNGUARDED_AVAILABILITY = YES_AGGRESSIVE;
				CLANG_WARN_UNREACHABLE_CODE = YES;
				CLANG_WARN__DUPLICATE_METHOD_MATCH = YES;
				CODE_SIGN_IDENTITY = "iPhone Developer";
				COPY_PHASE_STRIP = NO;
				DEBUG_INFORMATION_FORMAT = dwarf;
				ENABLE_STRICT_OBJC_MSGSEND = YES;
				ENABLE_TESTABILITY = YES;
				GCC_C_LANGUAGE_STANDARD = gnu11;
				GCC_DYNAMIC_NO_PIC = NO;
				GCC_NO_COMMON_BLOCKS = YES;
				GCC_OPTIMIZATION_LEVEL = 0;
				GCC_PREPROCESSOR_DEFINITIONS = (
					"DEBUG=1",
					"$(inherited)",
				);
				GCC_WARN_64_TO_32_BIT_CONVERSION = YES;
				GCC_WARN_ABOUT_RETURN_TYPE = YES_ERROR;
				GCC_WARN_UNDECLARED_SELECTOR = YES;
				GCC_WARN_UNINITIALIZED_AUTOS = YES_AGGRESSIVE;
				GCC_WARN_UNUSED_FUNCTION = YES;
				GCC_WARN_UNUSED_VARIABLE = YES;
				IPHONEOS_DEPLOYMENT_TARGET = 12.2;
				MTL_ENABLE_DEBUG_INFO = INCLUDE_SOURCE;
				MTL_FAST_MATH = YES;
				ONLY_ACTIVE_ARCH = YES;
				SDKROOT = iphoneos;
				SWIFT_ACTIVE_COMPILATION_CONDITIONS = DEBUG;
				SWIFT_OPTIMIZATION_LEVEL = "-Onone";
			};
			name = Debug;
		};
		94235B5123B52103002E87BA /* Release */ = {
			isa = XCBuildConfiguration;
			buildSettings = {
				ALWAYS_SEARCH_USER_PATHS = NO;
				CLANG_ANALYZER_NONNULL = YES;
				CLANG_ANALYZER_NUMBER_OBJECT_CONVERSION = YES_AGGRESSIVE;
				CLANG_CXX_LANGUAGE_STANDARD = "gnu++14";
				CLANG_CXX_LIBRARY = "libc++";
				CLANG_ENABLE_MODULES = YES;
				CLANG_ENABLE_OBJC_ARC = YES;
				CLANG_ENABLE_OBJC_WEAK = YES;
				CLANG_WARN_BLOCK_CAPTURE_AUTORELEASING = YES;
				CLANG_WARN_BOOL_CONVERSION = YES;
				CLANG_WARN_COMMA = YES;
				CLANG_WARN_CONSTANT_CONVERSION = YES;
				CLANG_WARN_DEPRECATED_OBJC_IMPLEMENTATIONS = YES;
				CLANG_WARN_DIRECT_OBJC_ISA_USAGE = YES_ERROR;
				CLANG_WARN_DOCUMENTATION_COMMENTS = YES;
				CLANG_WARN_EMPTY_BODY = YES;
				CLANG_WARN_ENUM_CONVERSION = YES;
				CLANG_WARN_INFINITE_RECURSION = YES;
				CLANG_WARN_INT_CONVERSION = YES;
				CLANG_WARN_NON_LITERAL_NULL_CONVERSION = YES;
				CLANG_WARN_OBJC_IMPLICIT_RETAIN_SELF = YES;
				CLANG_WARN_OBJC_LITERAL_CONVERSION = YES;
				CLANG_WARN_OBJC_ROOT_CLASS = YES_ERROR;
				CLANG_WARN_RANGE_LOOP_ANALYSIS = YES;
				CLANG_WARN_STRICT_PROTOTYPES = YES;
				CLANG_WARN_SUSPICIOUS_MOVE = YES;
				CLANG_WARN_UNGUARDED_AVAILABILITY = YES_AGGRESSIVE;
				CLANG_WARN_UNREACHABLE_CODE = YES;
				CLANG_WARN__DUPLICATE_METHOD_MATCH = YES;
				CODE_SIGN_IDENTITY = "iPhone Developer";
				COPY_PHASE_STRIP = NO;
				DEBUG_INFORMATION_FORMAT = "dwarf-with-dsym";
				ENABLE_NS_ASSERTIONS = NO;
				ENABLE_STRICT_OBJC_MSGSEND = YES;
				GCC_C_LANGUAGE_STANDARD = gnu11;
				GCC_NO_COMMON_BLOCKS = YES;
				GCC_WARN_64_TO_32_BIT_CONVERSION = YES;
				GCC_WARN_ABOUT_RETURN_TYPE = YES_ERROR;
				GCC_WARN_UNDECLARED_SELECTOR = YES;
				GCC_WARN_UNINITIALIZED_AUTOS = YES_AGGRESSIVE;
				GCC_WARN_UNUSED_FUNCTION = YES;
				GCC_WARN_UNUSED_VARIABLE = YES;
				IPHONEOS_DEPLOYMENT_TARGET = 12.2;
				MTL_ENABLE_DEBUG_INFO = NO;
				MTL_FAST_MATH = YES;
				SDKROOT = iphoneos;
				SWIFT_COMPILATION_MODE = wholemodule;
				SWIFT_OPTIMIZATION_LEVEL = "-O";
				VALIDATE_PRODUCT = YES;
			};
			name = Release;
		};
		94235B5323B52103002E87BA /* Debug */ = {
			isa = XCBuildConfiguration;
			buildSettings = {
				ASSETCATALOG_COMPILER_APPICON_NAME = AppIcon;
				CODE_SIGN_STYLE = Automatic;
				INFOPLIST_FILE = SkyApp/Info.plist;
				LD_RUNPATH_SEARCH_PATHS = (
					"$(inherited)",
					"@executable_path/Frameworks",
				);
				PRODUCT_BUNDLE_IDENTIFIER = Sky.com.SkyApp;
				PRODUCT_NAME = "$(TARGET_NAME)";
				SWIFT_VERSION = 5.0;
				TARGETED_DEVICE_FAMILY = "1,2";
			};
			name = Debug;
		};
		94235B5423B52103002E87BA /* Release */ = {
			isa = XCBuildConfiguration;
			buildSettings = {
				ASSETCATALOG_COMPILER_APPICON_NAME = AppIcon;
				CODE_SIGN_STYLE = Automatic;
				INFOPLIST_FILE = SkyApp/Info.plist;
				LD_RUNPATH_SEARCH_PATHS = (
					"$(inherited)",
					"@executable_path/Frameworks",
				);
				PRODUCT_BUNDLE_IDENTIFIER = Sky.com.SkyApp;
				PRODUCT_NAME = "$(TARGET_NAME)";
				SWIFT_VERSION = 5.0;
				TARGETED_DEVICE_FAMILY = "1,2";
			};
			name = Release;
		};
		94235B5623B52103002E87BA /* Debug */ = {
			isa = XCBuildConfiguration;
			buildSettings = {
				ALWAYS_EMBED_SWIFT_STANDARD_LIBRARIES = YES;
				BUNDLE_LOADER = "$(TEST_HOST)";
				CODE_SIGN_STYLE = Automatic;
				INFOPLIST_FILE = SkyAppTests/Info.plist;
				LD_RUNPATH_SEARCH_PATHS = (
					"$(inherited)",
					"@executable_path/Frameworks",
					"@loader_path/Frameworks",
				);
				PRODUCT_BUNDLE_IDENTIFIER = Sky.com.SkyAppTests;
				PRODUCT_NAME = "$(TARGET_NAME)";
				SWIFT_VERSION = 5.0;
				TARGETED_DEVICE_FAMILY = "1,2";
				TEST_HOST = "$(BUILT_PRODUCTS_DIR)/SkyApp.app/SkyApp";
			};
			name = Debug;
		};
		94235B5723B52103002E87BA /* Release */ = {
			isa = XCBuildConfiguration;
			buildSettings = {
				ALWAYS_EMBED_SWIFT_STANDARD_LIBRARIES = YES;
				BUNDLE_LOADER = "$(TEST_HOST)";
				CODE_SIGN_STYLE = Automatic;
				INFOPLIST_FILE = SkyAppTests/Info.plist;
				LD_RUNPATH_SEARCH_PATHS = (
					"$(inherited)",
					"@executable_path/Frameworks",
					"@loader_path/Frameworks",
				);
				PRODUCT_BUNDLE_IDENTIFIER = Sky.com.SkyAppTests;
				PRODUCT_NAME = "$(TARGET_NAME)";
				SWIFT_VERSION = 5.0;
				TARGETED_DEVICE_FAMILY = "1,2";
				TEST_HOST = "$(BUILT_PRODUCTS_DIR)/SkyApp.app/SkyApp";
			};
			name = Release;
		};
/* End XCBuildConfiguration section */

/* Begin XCConfigurationList section */
		94235B2D23B52100002E87BA /* Build configuration list for PBXProject "SkyApp" */ = {
			isa = XCConfigurationList;
			buildConfigurations = (
				94235B5023B52103002E87BA /* Debug */,
				94235B5123B52103002E87BA /* Release */,
			);
			defaultConfigurationIsVisible = 0;
			defaultConfigurationName = Release;
		};
		94235B5223B52103002E87BA /* Build configuration list for PBXNativeTarget "SkyApp" */ = {
			isa = XCConfigurationList;
			buildConfigurations = (
				94235B5323B52103002E87BA /* Debug */,
				94235B5423B52103002E87BA /* Release */,
			);
			defaultConfigurationIsVisible = 0;
			defaultConfigurationName = Release;
		};
		94235B5523B52103002E87BA /* Build configuration list for PBXNativeTarget "SkyAppTests" */ = {
			isa = XCConfigurationList;
			buildConfigurations = (
				94235B5623B52103002E87BA /* Debug */,
				94235B5723B52103002E87BA /* Release */,
			);
			defaultConfigurationIsVisible = 0;
			defaultConfigurationName = Release;
		};
/* End XCConfigurationList section */

/* Begin XCVersionGroup section */
		94235B3C23B52100002E87BA /* SkyApp.xcdatamodeld */ = {
			isa = XCVersionGroup;
			children = (
				94235B3D23B52100002E87BA /* SkyApp.xcdatamodel */,
			);
			currentVersion = 94235B3D23B52100002E87BA /* SkyApp.xcdatamodel */;
			path = SkyApp.xcdatamodeld;
			sourceTree = "<group>";
			versionGroupType = wrapper.xcdatamodel;
		};
/* End XCVersionGroup section */
	};
	rootObject = 94235B2A23B52100002E87BA /* Project object */;
}
